
Microsoft Visual Studio Solution File, Format Version 12.00
# Visual Studio Version 16
VisualStudioVersion = 16.0.29709.97
MinimumVisualStudioVersion = 10.0.40219.1
Project("{888888A0-9F3D-457C-B088-3A5042F75D52}") = "MyFinalProject", "MyFinalProject\MyFinalProject.pyproj", "{799EBAB4-B537-4A1A-82A7-AB76B5658EA6}"
EndProject
Global
	GlobalSection(SolutionConfigurationPlatforms) = preSolution
		Debug|Any CPU = Debug|Any CPU
		Release|Any CPU = Release|Any CPU
	EndGlobalSection
	GlobalSection(ProjectConfigurationPlatforms) = postSolution
		{799EBAB4-B537-4A1A-82A7-AB76B5658EA6}.Debug|Any CPU.ActiveCfg = Debug|Any CPU
		{799EBAB4-B537-4A1A-82A7-AB76B5658EA6}.Debug|Any CPU.Build.0 = Debug|Any CPU
		{799EBAB4-B537-4A1A-82A7-AB76B5658EA6}.Release|Any CPU.ActiveCfg = Release|Any CPU
		{799EBAB4-B537-4A1A-82A7-AB76B5658EA6}.Release|Any CPU.Build.0 = Release|Any CPU
	EndGlobalSection
	GlobalSection(SolutionProperties) = preSolution
		HideSolutionNode = FALSE
	EndGlobalSection
	GlobalSection(ExtensibilityGlobals) = postSolution
		SolutionGuid = {F6929DA0-F254-4C20-846E-451327537ECB}
	EndGlobalSection
EndGlobal
